
Microsoft Visual Studio Solution File, Format Version 12.00
# Visual Studio Version 17
VisualStudioVersion = 17.9.34902.65
MinimumVisualStudioVersion = 10.0.40219.1
Project("{888888A0-9F3D-457C-B088-3A5042F75D52}") = "BubbleTrouble", "BubbleTrouble\BubbleTrouble.pyproj", "{FC188224-BD70-45E0-B22A-A5CD87AA0523}"
EndProject
Global
	GlobalSection(SolutionConfigurationPlatforms) = preSolution
		Debug|Any CPU = Debug|Any CPU
		Release|Any CPU = Release|Any CPU
	EndGlobalSection
	GlobalSection(ProjectConfigurationPlatforms) = postSolution
		{FC188224-BD70-45E0-B22A-A5CD87AA0523}.Debug|Any CPU.ActiveCfg = Debug|Any CPU
		{FC188224-BD70-45E0-B22A-A5CD87AA0523}.Release|Any CPU.ActiveCfg = Release|Any CPU
	EndGlobalSection
	GlobalSection(SolutionProperties) = preSolution
		HideSolutionNode = FALSE
	EndGlobalSection
	GlobalSection(ExtensibilityGlobals) = postSolution
		SolutionGuid = {F01A86C2-2CFD-4B79-8D8C-327FE2ABD996}
	EndGlobalSection
EndGlobal
